
Microsoft Visual Studio Solution File, Format Version 12.00
# Visual Studio Version 16
VisualStudioVersion = 16.0.30907.101
MinimumVisualStudioVersion = 10.0.40219.1
Project("{9A19103F-16F7-4668-BE54-9A1E7A4F7556}") = "Entities", "Entities\Entities.csproj", "{6936B00D-1C32-4B0C-88AE-45204811984B}"
EndProject
Project("{9A19103F-16F7-4668-BE54-9A1E7A4F7556}") = "DataAccess", "DataAccess\DataAccess.csproj", "{C23904B3-E1CB-427A-BFDB-5F1AB039FAFB}"
EndProject
Project("{9A19103F-16F7-4668-BE54-9A1E7A4F7556}") = "Business", "Business\Business.csproj", "{F66FE2A8-7768-4050-B9F1-29DBDF566252}"
EndProject
Project("{9A19103F-16F7-4668-BE54-9A1E7A4F7556}") = "ConsoleUI", "ConsoleUI\ConsoleUI.csproj", "{5CC7DCC1-53C9-4FB3-805B-7E8C8DA09FB0}"
EndProject
Project("{9A19103F-16F7-4668-BE54-9A1E7A4F7556}") = "Core", "Core\Core.csproj", "{92049B9F-A978-426D-8399-0E0B97603D38}"
EndProject
Project("{FAE04EC0-301F-11D3-BF4B-00C04F79EFBC}") = "WebApi", "WebApi\WebApi.csproj", "{724C4CD3-5959-43B3-9946-E6AA94B39B99}"
EndProject
Global
	GlobalSection(SolutionConfigurationPlatforms) = preSolution
		Debug|Any CPU = Debug|Any CPU
		Release|Any CPU = Release|Any CPU
	EndGlobalSection
	GlobalSection(ProjectConfigurationPlatforms) = postSolution
		{6936B00D-1C32-4B0C-88AE-45204811984B}.Debug|Any CPU.ActiveCfg = Debug|Any CPU
		{6936B00D-1C32-4B0C-88AE-45204811984B}.Debug|Any CPU.Build.0 = Debug|Any CPU
		{6936B00D-1C32-4B0C-88AE-45204811984B}.Release|Any CPU.ActiveCfg = Release|Any CPU
		{6936B00D-1C32-4B0C-88AE-45204811984B}.Release|Any CPU.Build.0 = Release|Any CPU
		{C23904B3-E1CB-427A-BFDB-5F1AB039FAFB}.Debug|Any CPU.ActiveCfg = Debug|Any CPU
		{C23904B3-E1CB-427A-BFDB-5F1AB039FAFB}.Debug|Any CPU.Build.0 = Debug|Any CPU
		{C23904B3-E1CB-427A-BFDB-5F1AB039FAFB}.Release|Any CPU.ActiveCfg = Release|Any CPU
		{C23904B3-E1CB-427A-BFDB-5F1AB039FAFB}.Release|Any CPU.Build.0 = Release|Any CPU
		{F66FE2A8-7768-4050-B9F1-29DBDF566252}.Debug|Any CPU.ActiveCfg = Debug|Any CPU
		{F66FE2A8-7768-4050-B9F1-29DBDF566252}.Debug|Any CPU.Build.0 = Debug|Any CPU
		{F66FE2A8-7768-4050-B9F1-29DBDF566252}.Release|Any CPU.ActiveCfg = Release|Any CPU
		{F66FE2A8-7768-4050-B9F1-29DBDF566252}.Release|Any CPU.Build.0 = Release|Any CPU
		{5CC7DCC1-53C9-4FB3-805B-7E8C8DA09FB0}.Debug|Any CPU.ActiveCfg = Debug|Any CPU
		{5CC7DCC1-53C9-4FB3-805B-7E8C8DA09FB0}.Debug|Any CPU.Build.0 = Debug|Any CPU
		{5CC7DCC1-53C9-4FB3-805B-7E8C8DA09FB0}.Release|Any CPU.ActiveCfg = Release|Any CPU
		{5CC7DCC1-53C9-4FB3-805B-7E8C8DA09FB0}.Release|Any CPU.Build.0 = Release|Any CPU
		{92049B9F-A978-426D-8399-0E0B97603D38}.Debug|Any CPU.ActiveCfg = Debug|Any CPU
		{92049B9F-A978-426D-8399-0E0B97603D38}.Debug|Any CPU.Build.0 = Debug|Any CPU
		{92049B9F-A978-426D-8399-0E0B97603D38}.Release|Any CPU.ActiveCfg = Release|Any CPU
		{92049B9F-A978-426D-8399-0E0B97603D38}.Release|Any CPU.Build.0 = Release|Any CPU
		{724C4CD3-5959-43B3-9946-E6AA94B39B99}.Debug|Any CPU.ActiveCfg = Debug|Any CPU
		{724C4CD3-5959-43B3-9946-E6AA94B39B99}.Debug|Any CPU.Build.0 = Debug|Any CPU
		{724C4CD3-5959-43B3-9946-E6AA94B39B99}.Release|Any CPU.ActiveCfg = Release|Any CPU
		{724C4CD3-5959-43B3-9946-E6AA94B39B99}.Release|Any CPU.Build.0 = Release|Any CPU
	EndGlobalSection
	GlobalSection(SolutionProperties) = preSolution
		HideSolutionNode = FALSE
	EndGlobalSection
	GlobalSection(ExtensibilityGlobals) = postSolution
		SolutionGuid = {1438FA24-C86F-44C3-AFBE-6F4A65B2E1B2}
	EndGlobalSection
EndGlobal
